// !$*UTF8*$!
{
	archiveVersion = 1;
	classes = {
	};
	objectVersion = 55;
	objects = {

/* Begin PBXBuildFile section */
		A97084CC28B736A5008EB776 /* SettingsView.swift in Sources */ = {isa = PBXBuildFile; fileRef = A97084CB28B736A5008EB776 /* SettingsView.swift */; };
		A97084CE28B736B2008EB776 /* CartView.swift in Sources */ = {isa = PBXBuildFile; fileRef = A97084CD28B736B2008EB776 /* CartView.swift */; };
		A97084D028B73D63008EB776 /* CartPersistence.swift in Sources */ = {isa = PBXBuildFile; fileRef = A97084CF28B73D63008EB776 /* CartPersistence.swift */; };
		A997157428D174D3003B69DC /* FilterBottomSheetView.swift in Sources */ = {isa = PBXBuildFile; fileRef = A997157328D174D3003B69DC /* FilterBottomSheetView.swift */; };
		A9973B7728DD81A5006A4048 /* ProductListPersistence.swift in Sources */ = {isa = PBXBuildFile; fileRef = A9973B7628DD81A5006A4048 /* ProductListPersistence.swift */; };
		A99D1B9828B4729B00B7F920 /* BeautiFoodsApp.swift in Sources */ = {isa = PBXBuildFile; fileRef = A99D1B9728B4729B00B7F920 /* BeautiFoodsApp.swift */; };
		A99D1B9A28B4729B00B7F920 /* MarketContentView.swift in Sources */ = {isa = PBXBuildFile; fileRef = A99D1B9928B4729B00B7F920 /* MarketContentView.swift */; };
		A99D1B9C28B472A000B7F920 /* Assets.xcassets in Resources */ = {isa = PBXBuildFile; fileRef = A99D1B9B28B472A000B7F920 /* Assets.xcassets */; };
		A99D1B9F28B472A000B7F920 /* Preview Assets.xcassets in Resources */ = {isa = PBXBuildFile; fileRef = A99D1B9E28B472A000B7F920 /* Preview Assets.xcassets */; };
		A99D1BA628B4757000B7F920 /* ProductStructure.swift in Sources */ = {isa = PBXBuildFile; fileRef = A99D1BA528B4757000B7F920 /* ProductStructure.swift */; };
		A99D1BA828B4784600B7F920 /* ProductContentView.swift in Sources */ = {isa = PBXBuildFile; fileRef = A99D1BA728B4784600B7F920 /* ProductContentView.swift */; };
		A9B5802F28D601B6002169EA /* GoogleService-Info.plist in Resources */ = {isa = PBXBuildFile; fileRef = A9B5802E28D601B6002169EA /* GoogleService-Info.plist */; };
		A9B8B5DF28D7194F0006CC22 /* StartView.swift in Sources */ = {isa = PBXBuildFile; fileRef = A9B8B5DE28D7194F0006CC22 /* StartView.swift */; };
		A9B8B5E128D719590006CC22 /* LoginView.swift in Sources */ = {isa = PBXBuildFile; fileRef = A9B8B5E028D719590006CC22 /* LoginView.swift */; };
		A9B8B5E328D719680006CC22 /* SignUpView.swift in Sources */ = {isa = PBXBuildFile; fileRef = A9B8B5E228D719680006CC22 /* SignUpView.swift */; };
		A9C96FC428CED90000D8EA14 /* CheckoutPageView.swift in Sources */ = {isa = PBXBuildFile; fileRef = A9C96FC328CED90000D8EA14 /* CheckoutPageView.swift */; };
		A9F2917F28D60A910019CB98 /* FirebaseAuth in Frameworks */ = {isa = PBXBuildFile; productRef = A9F2917E28D60A910019CB98 /* FirebaseAuth */; };
		A9F2918128D60A910019CB98 /* FirebaseFirestore in Frameworks */ = {isa = PBXBuildFile; productRef = A9F2918028D60A910019CB98 /* FirebaseFirestore */; };
		A9F2918328D60A910019CB98 /* FirebaseFirestoreSwift in Frameworks */ = {isa = PBXBuildFile; productRef = A9F2918228D60A910019CB98 /* FirebaseFirestoreSwift */; };
/* End PBXBuildFile section */

/* Begin PBXFileReference section */
		A97084CB28B736A5008EB776 /* SettingsView.swift */ = {isa = PBXFileReference; lastKnownFileType = sourcecode.swift; path = SettingsView.swift; sourceTree = "<group>"; };
		A97084CD28B736B2008EB776 /* CartView.swift */ = {isa = PBXFileReference; lastKnownFileType = sourcecode.swift; path = CartView.swift; sourceTree = "<group>"; };
		A97084CF28B73D63008EB776 /* CartPersistence.swift */ = {isa = PBXFileReference; lastKnownFileType = sourcecode.swift; path = CartPersistence.swift; sourceTree = "<group>"; };
		A997157328D174D3003B69DC /* FilterBottomSheetView.swift */ = {isa = PBXFileReference; lastKnownFileType = sourcecode.swift; path = FilterBottomSheetView.swift; sourceTree = "<group>"; };
		A9973B7628DD81A5006A4048 /* ProductListPersistence.swift */ = {isa = PBXFileReference; fileEncoding = 4; lastKnownFileType = sourcecode.swift; path = ProductListPersistence.swift; sourceTree = "<group>"; };
		A99D1B9428B4729B00B7F920 /* BeautiFoods.app */ = {isa = PBXFileReference; explicitFileType = wrapper.application; includeInIndex = 0; path = BeautiFoods.app; sourceTree = BUILT_PRODUCTS_DIR; };
		A99D1B9728B4729B00B7F920 /* BeautiFoodsApp.swift */ = {isa = PBXFileReference; lastKnownFileType = sourcecode.swift; path = BeautiFoodsApp.swift; sourceTree = "<group>"; };
		A99D1B9928B4729B00B7F920 /* MarketContentView.swift */ = {isa = PBXFileReference; lastKnownFileType = sourcecode.swift; path = MarketContentView.swift; sourceTree = "<group>"; };
		A99D1B9B28B472A000B7F920 /* Assets.xcassets */ = {isa = PBXFileReference; lastKnownFileType = folder.assetcatalog; path = Assets.xcassets; sourceTree = "<group>"; };
		A99D1B9E28B472A000B7F920 /* Preview Assets.xcassets */ = {isa = PBXFileReference; lastKnownFileType = folder.assetcatalog; path = "Preview Assets.xcassets"; sourceTree = "<group>"; };
		A99D1BA528B4757000B7F920 /* ProductStructure.swift */ = {isa = PBXFileReference; lastKnownFileType = sourcecode.swift; path = ProductStructure.swift; sourceTree = "<group>"; };
		A99D1BA728B4784600B7F920 /* ProductContentView.swift */ = {isa = PBXFileReference; lastKnownFileType = sourcecode.swift; path = ProductContentView.swift; sourceTree = "<group>"; };
		A9B5802E28D601B6002169EA /* GoogleService-Info.plist */ = {isa = PBXFileReference; fileEncoding = 4; lastKnownFileType = text.plist.xml; path = "GoogleService-Info.plist"; sourceTree = "<group>"; };
		A9B8B5DE28D7194F0006CC22 /* StartView.swift */ = {isa = PBXFileReference; lastKnownFileType = sourcecode.swift; path = StartView.swift; sourceTree = "<group>"; };
		A9B8B5E028D719590006CC22 /* LoginView.swift */ = {isa = PBXFileReference; lastKnownFileType = sourcecode.swift; path = LoginView.swift; sourceTree = "<group>"; };
		A9B8B5E228D719680006CC22 /* SignUpView.swift */ = {isa = PBXFileReference; lastKnownFileType = sourcecode.swift; path = SignUpView.swift; sourceTree = "<group>"; };
		A9C96FC328CED90000D8EA14 /* CheckoutPageView.swift */ = {isa = PBXFileReference; lastKnownFileType = sourcecode.swift; path = CheckoutPageView.swift; sourceTree = "<group>"; };
/* End PBXFileReference section */

/* Begin PBXFrameworksBuildPhase section */
		A99D1B9128B4729B00B7F920 /* Frameworks */ = {
			isa = PBXFrameworksBuildPhase;
			buildActionMask = 2147483647;
			files = (
				A9F2917F28D60A910019CB98 /* FirebaseAuth in Frameworks */,
				A9F2918128D60A910019CB98 /* FirebaseFirestore in Frameworks */,
				A9F2918328D60A910019CB98 /* FirebaseFirestoreSwift in Frameworks */,
			);
			runOnlyForDeploymentPostprocessing = 0;
		};
/* End PBXFrameworksBuildPhase section */

/* Begin PBXGroup section */
		A99D1B8B28B4729B00B7F920 = {
			isa = PBXGroup;
			children = (
				A99D1B9628B4729B00B7F920 /* BeautiFoods */,
				A99D1B9528B4729B00B7F920 /* Products */,
			);
			sourceTree = "<group>";
		};
		A99D1B9528B4729B00B7F920 /* Products */ = {
			isa = PBXGroup;
			children = (
				A99D1B9428B4729B00B7F920 /* BeautiFoods.app */,
			);
			name = Products;
			sourceTree = "<group>";
		};
		A99D1B9628B4729B00B7F920 /* BeautiFoods */ = {
			isa = PBXGroup;
			children = (
				A99D1B9728B4729B00B7F920 /* BeautiFoodsApp.swift */,
				A9B8B5CD28D61AF10006CC22 /* Views */,
				A9B8B5CE28D61B0F0006CC22 /* Models */,
				A9B8B5D328D620D10006CC22 /* ViewModels */,
				A99D1B9B28B472A000B7F920 /* Assets.xcassets */,
				A99D1B9D28B472A000B7F920 /* Preview Content */,
			);
			path = BeautiFoods;
			sourceTree = "<group>";
		};
		A99D1B9D28B472A000B7F920 /* Preview Content */ = {
			isa = PBXGroup;
			children = (
				A99D1B9E28B472A000B7F920 /* Preview Assets.xcassets */,
			);
			path = "Preview Content";
			sourceTree = "<group>";
		};
		A9B8B5CD28D61AF10006CC22 /* Views */ = {
			isa = PBXGroup;
			children = (
				A9B8B5DD28D719350006CC22 /* Start */,
				A9B8B5D128D61F9A0006CC22 /* Market */,
				A9B8B5D228D61FB70006CC22 /* Buy */,
				A9B8B5D428D6217D0006CC22 /* Misc */,
			);
			name = Views;
			sourceTree = "<group>";
		};
		A9B8B5CE28D61B0F0006CC22 /* Models */ = {
			isa = PBXGroup;
			children = (
				A9B5802E28D601B6002169EA /* GoogleService-Info.plist */,
				A99D1BA528B4757000B7F920 /* ProductStructure.swift */,
			);
			name = Models;
			sourceTree = "<group>";
		};
		A9B8B5D128D61F9A0006CC22 /* Market */ = {
			isa = PBXGroup;
			children = (
				A99D1B9928B4729B00B7F920 /* MarketContentView.swift */,
				A997157328D174D3003B69DC /* FilterBottomSheetView.swift */,
				A99D1BA728B4784600B7F920 /* ProductContentView.swift */,
			);
			name = Market;
			sourceTree = "<group>";
		};
		A9B8B5D228D61FB70006CC22 /* Buy */ = {
			isa = PBXGroup;
			children = (
				A97084CD28B736B2008EB776 /* CartView.swift */,
				A9C96FC328CED90000D8EA14 /* CheckoutPageView.swift */,
			);
			name = Buy;
			sourceTree = "<group>";
		};
		A9B8B5D328D620D10006CC22 /* ViewModels */ = {
			isa = PBXGroup;
			children = (
				A97084CF28B73D63008EB776 /* CartPersistence.swift */,
				A9973B7628DD81A5006A4048 /* ProductListPersistence.swift */,
			);
			path = ViewModels;
			sourceTree = "<group>";
		};
		A9B8B5D428D6217D0006CC22 /* Misc */ = {
			isa = PBXGroup;
			children = (
				A97084CB28B736A5008EB776 /* SettingsView.swift */,
			);
			name = Misc;
			sourceTree = "<group>";
		};
		A9B8B5DD28D719350006CC22 /* Start */ = {
			isa = PBXGroup;
			children = (
				A9B8B5DE28D7194F0006CC22 /* StartView.swift */,
				A9B8B5E028D719590006CC22 /* LoginView.swift */,
				A9B8B5E228D719680006CC22 /* SignUpView.swift */,
			);
			name = Start;
			sourceTree = "<group>";
		};
/* End PBXGroup section */

/* Begin PBXNativeTarget section */
		A99D1B9328B4729B00B7F920 /* BeautiFoods */ = {
			isa = PBXNativeTarget;
			buildConfigurationList = A99D1BA228B472A000B7F920 /* Build configuration list for PBXNativeTarget "BeautiFoods" */;
			buildPhases = (
				A99D1B9028B4729B00B7F920 /* Sources */,
				A99D1B9128B4729B00B7F920 /* Frameworks */,
				A99D1B9228B4729B00B7F920 /* Resources */,
			);
			buildRules = (
			);
			dependencies = (
			);
			name = BeautiFoods;
			packageProductDependencies = (
				A9F2917E28D60A910019CB98 /* FirebaseAuth */,
				A9F2918028D60A910019CB98 /* FirebaseFirestore */,
				A9F2918228D60A910019CB98 /* FirebaseFirestoreSwift */,
			);
			productName = BeautiFoods;
			productReference = A99D1B9428B4729B00B7F920 /* BeautiFoods.app */;
			productType = "com.apple.product-type.application";
		};
/* End PBXNativeTarget section */

/* Begin PBXProject section */
		A99D1B8C28B4729B00B7F920 /* Project object */ = {
			isa = PBXProject;
			attributes = {
				BuildIndependentTargetsInParallel = 1;
				LastSwiftUpdateCheck = 1340;
				LastUpgradeCheck = 1340;
				TargetAttributes = {
					A99D1B9328B4729B00B7F920 = {
						CreatedOnToolsVersion = 13.4.1;
					};
				};
			};
			buildConfigurationList = A99D1B8F28B4729B00B7F920 /* Build configuration list for PBXProject "BeautiFoods" */;
			compatibilityVersion = "Xcode 13.0";
			developmentRegion = en;
			hasScannedForEncodings = 0;
			knownRegions = (
				en,
				Base,
			);
			mainGroup = A99D1B8B28B4729B00B7F920;
			packageReferences = (
				A9F2917D28D60A910019CB98 /* XCRemoteSwiftPackageReference "firebase-ios-sdk" */,
			);
			productRefGroup = A99D1B9528B4729B00B7F920 /* Products */;
			projectDirPath = "";
			projectRoot = "";
			targets = (
				A99D1B9328B4729B00B7F920 /* BeautiFoods */,
			);
		};
/* End PBXProject section */

/* Begin PBXResourcesBuildPhase section */
		A99D1B9228B4729B00B7F920 /* Resources */ = {
			isa = PBXResourcesBuildPhase;
			buildActionMask = 2147483647;
			files = (
				A99D1B9F28B472A000B7F920 /* Preview Assets.xcassets in Resources */,
				A99D1B9C28B472A000B7F920 /* Assets.xcassets in Resources */,
				A9B5802F28D601B6002169EA /* GoogleService-Info.plist in Resources */,
			);
			runOnlyForDeploymentPostprocessing = 0;
		};
/* End PBXResourcesBuildPhase section */

/* Begin PBXSourcesBuildPhase section */
		A99D1B9028B4729B00B7F920 /* Sources */ = {
			isa = PBXSourcesBuildPhase;
			buildActionMask = 2147483647;
			files = (
				A9C96FC428CED90000D8EA14 /* CheckoutPageView.swift in Sources */,
				A9B8B5DF28D7194F0006CC22 /* StartView.swift in Sources */,
				A97084CE28B736B2008EB776 /* CartView.swift in Sources */,
				A99D1B9A28B4729B00B7F920 /* MarketContentView.swift in Sources */,
				A99D1B9828B4729B00B7F920 /* BeautiFoodsApp.swift in Sources */,
				A99D1BA828B4784600B7F920 /* ProductContentView.swift in Sources */,
				A9B8B5E328D719680006CC22 /* SignUpView.swift in Sources */,
				A99D1BA628B4757000B7F920 /* ProductStructure.swift in Sources */,
				A97084D028B73D63008EB776 /* CartPersistence.swift in Sources */,
				A9B8B5E128D719590006CC22 /* LoginView.swift in Sources */,
				A97084CC28B736A5008EB776 /* SettingsView.swift in Sources */,
				A997157428D174D3003B69DC /* FilterBottomSheetView.swift in Sources */,
				A9973B7728DD81A5006A4048 /* ProductListPersistence.swift in Sources */,
			);
			runOnlyForDeploymentPostprocessing = 0;
		};
/* End PBXSourcesBuildPhase section */

/* Begin XCBuildConfiguration section */
		A99D1BA028B472A000B7F920 /* Debug */ = {
			isa = XCBuildConfiguration;
			buildSettings = {
				ALWAYS_SEARCH_USER_PATHS = NO;
				CLANG_ANALYZER_NONNULL = YES;
				CLANG_ANALYZER_NUMBER_OBJECT_CONVERSION = YES_AGGRESSIVE;
				CLANG_CXX_LANGUAGE_STANDARD = "gnu++17";
				CLANG_ENABLE_MODULES = YES;
				CLANG_ENABLE_OBJC_ARC = YES;
				CLANG_ENABLE_OBJC_WEAK = YES;
				CLANG_WARN_BLOCK_CAPTURE_AUTORELEASING = YES;
				CLANG_WARN_BOOL_CONVERSION = YES;
				CLANG_WARN_COMMA = YES;
				CLANG_WARN_CONSTANT_CONVERSION = YES;
				CLANG_WARN_DEPRECATED_OBJC_IMPLEMENTATIONS = YES;
				CLANG_WARN_DIRECT_OBJC_ISA_USAGE = YES_ERROR;
				CLANG_WARN_DOCUMENTATION_COMMENTS = YES;
				CLANG_WARN_EMPTY_BODY = YES;
				CLANG_WARN_ENUM_CONVERSION = YES;
				CLANG_WARN_INFINITE_RECURSION = YES;
				CLANG_WARN_INT_CONVERSION = YES;
				CLANG_WARN_NON_LITERAL_NULL_CONVERSION = YES;
				CLANG_WARN_OBJC_IMPLICIT_RETAIN_SELF = YES;
				CLANG_WARN_OBJC_LITERAL_CONVERSION = YES;
				CLANG_WARN_OBJC_ROOT_CLASS = YES_ERROR;
				CLANG_WARN_QUOTED_INCLUDE_IN_FRAMEWORK_HEADER = YES;
				CLANG_WARN_RANGE_LOOP_ANALYSIS = YES;
				CLANG_WARN_STRICT_PROTOTYPES = YES;
				CLANG_WARN_SUSPICIOUS_MOVE = YES;
				CLANG_WARN_UNGUARDED_AVAILABILITY = YES_AGGRESSIVE;
				CLANG_WARN_UNREACHABLE_CODE = YES;
				CLANG_WARN__DUPLICATE_METHOD_MATCH = YES;
				COPY_PHASE_STRIP = NO;
				DEBUG_INFORMATION_FORMAT = dwarf;
				ENABLE_STRICT_OBJC_MSGSEND = YES;
				ENABLE_TESTABILITY = YES;
				GCC_C_LANGUAGE_STANDARD = gnu11;
				GCC_DYNAMIC_NO_PIC = NO;
				GCC_NO_COMMON_BLOCKS = YES;
				GCC_OPTIMIZATION_LEVEL = 0;
				GCC_PREPROCESSOR_DEFINITIONS = (
					"DEBUG=1",
					"$(inherited)",
				);
				GCC_WARN_64_TO_32_BIT_CONVERSION = YES;
				GCC_WARN_ABOUT_RETURN_TYPE = YES_ERROR;
				GCC_WARN_UNDECLARED_SELECTOR = YES;
				GCC_WARN_UNINITIALIZED_AUTOS = YES_AGGRESSIVE;
				GCC_WARN_UNUSED_FUNCTION = YES;
				GCC_WARN_UNUSED_VARIABLE = YES;
				IPHONEOS_DEPLOYMENT_TARGET = 15.5;
				MTL_ENABLE_DEBUG_INFO = INCLUDE_SOURCE;
				MTL_FAST_MATH = YES;
				ONLY_ACTIVE_ARCH = YES;
				SDKROOT = iphoneos;
				SWIFT_ACTIVE_COMPILATION_CONDITIONS = DEBUG;
				SWIFT_OPTIMIZATION_LEVEL = "-Onone";
			};
			name = Debug;
		};
		A99D1BA128B472A000B7F920 /* Release */ = {
			isa = XCBuildConfiguration;
			buildSettings = {
				ALWAYS_SEARCH_USER_PATHS = NO;
				CLANG_ANALYZER_NONNULL = YES;
				CLANG_ANALYZER_NUMBER_OBJECT_CONVERSION = YES_AGGRESSIVE;
				CLANG_CXX_LANGUAGE_STANDARD = "gnu++17";
				CLANG_ENABLE_MODULES = YES;
				CLANG_ENABLE_OBJC_ARC = YES;
				CLANG_ENABLE_OBJC_WEAK = YES;
				CLANG_WARN_BLOCK_CAPTURE_AUTORELEASING = YES;
				CLANG_WARN_BOOL_CONVERSION = YES;
				CLANG_WARN_COMMA = YES;
				CLANG_WARN_CONSTANT_CONVERSION = YES;
				CLANG_WARN_DEPRECATED_OBJC_IMPLEMENTATIONS = YES;
				CLANG_WARN_DIRECT_OBJC_ISA_USAGE = YES_ERROR;
				CLANG_WARN_DOCUMENTATION_COMMENTS = YES;
				CLANG_WARN_EMPTY_BODY = YES;
				CLANG_WARN_ENUM_CONVERSION = YES;
				CLANG_WARN_INFINITE_RECURSION = YES;
				CLANG_WARN_INT_CONVERSION = YES;
				CLANG_WARN_NON_LITERAL_NULL_CONVERSION = YES;
				CLANG_WARN_OBJC_IMPLICIT_RETAIN_SELF = YES;
				CLANG_WARN_OBJC_LITERAL_CONVERSION = YES;
				CLANG_WARN_OBJC_ROOT_CLASS = YES_ERROR;
				CLANG_WARN_QUOTED_INCLUDE_IN_FRAMEWORK_HEADER = YES;
				CLANG_WARN_RANGE_LOOP_ANALYSIS = YES;
				CLANG_WARN_STRICT_PROTOTYPES = YES;
				CLANG_WARN_SUSPICIOUS_MOVE = YES;
				CLANG_WARN_UNGUARDED_AVAILABILITY = YES_AGGRESSIVE;
				CLANG_WARN_UNREACHABLE_CODE = YES;
				CLANG_WARN__DUPLICATE_METHOD_MATCH = YES;
				COPY_PHASE_STRIP = NO;
				DEBUG_INFORMATION_FORMAT = "dwarf-with-dsym";
				ENABLE_NS_ASSERTIONS = NO;
				ENABLE_STRICT_OBJC_MSGSEND = YES;
				GCC_C_LANGUAGE_STANDARD = gnu11;
				GCC_NO_COMMON_BLOCKS = YES;
				GCC_WARN_64_TO_32_BIT_CONVERSION = YES;
				GCC_WARN_ABOUT_RETURN_TYPE = YES_ERROR;
				GCC_WARN_UNDECLARED_SELECTOR = YES;
				GCC_WARN_UNINITIALIZED_AUTOS = YES_AGGRESSIVE;
				GCC_WARN_UNUSED_FUNCTION = YES;
				GCC_WARN_UNUSED_VARIABLE = YES;
				IPHONEOS_DEPLOYMENT_TARGET = 15.5;
				MTL_ENABLE_DEBUG_INFO = NO;
				MTL_FAST_MATH = YES;
				SDKROOT = iphoneos;
				SWIFT_COMPILATION_MODE = wholemodule;
				SWIFT_OPTIMIZATION_LEVEL = "-O";
				VALIDATE_PRODUCT = YES;
			};
			name = Release;
		};
		A99D1BA328B472A000B7F920 /* Debug */ = {
			isa = XCBuildConfiguration;
			buildSettings = {
				ASSETCATALOG_COMPILER_APPICON_NAME = AppIcon;
				ASSETCATALOG_COMPILER_GLOBAL_ACCENT_COLOR_NAME = AccentColor;
				CODE_SIGN_STYLE = Automatic;
				CURRENT_PROJECT_VERSION = 1;
				DEVELOPMENT_ASSET_PATHS = "\"BeautiFoods/Preview Content\"";
				ENABLE_PREVIEWS = YES;
				GENERATE_INFOPLIST_FILE = YES;
				INFOPLIST_FILE = BeautiFoods/Info.plist;
				INFOPLIST_KEY_UIApplicationSceneManifest_Generation = YES;
				INFOPLIST_KEY_UIApplicationSupportsIndirectInputEvents = YES;
				INFOPLIST_KEY_UISupportedInterfaceOrientations_iPad = "UIInterfaceOrientationPortrait UIInterfaceOrientationPortraitUpsideDown UIInterfaceOrientationLandscapeLeft UIInterfaceOrientationLandscapeRight";
				INFOPLIST_KEY_UISupportedInterfaceOrientations_iPhone = "UIInterfaceOrientationPortrait UIInterfaceOrientationLandscapeLeft UIInterfaceOrientationLandscapeRight";
				LD_RUNPATH_SEARCH_PATHS = (
					"$(inherited)",
					"@executable_path/Frameworks",
				);
				MARKETING_VERSION = 1.0;
				PRODUCT_BUNDLE_IDENTIFIER = thamEnJie.BeautiFoods;
				PRODUCT_NAME = "$(TARGET_NAME)";
				SWIFT_EMIT_LOC_STRINGS = YES;
				SWIFT_VERSION = 5.0;
				TARGETED_DEVICE_FAMILY = "1,2";
			};
			name = Debug;
		};
		A99D1BA428B472A000B7F920 /* Release */ = {
			isa = XCBuildConfiguration;
			buildSettings = {
				ASSETCATALOG_COMPILER_APPICON_NAME = AppIcon;
				ASSETCATALOG_COMPILER_GLOBAL_ACCENT_COLOR_NAME = AccentColor;
				CODE_SIGN_STYLE = Automatic;
				CURRENT_PROJECT_VERSION = 1;
				DEVELOPMENT_ASSET_PATHS = "\"BeautiFoods/Preview Content\"";
				ENABLE_PREVIEWS = YES;
				GENERATE_INFOPLIST_FILE = YES;
				INFOPLIST_FILE = BeautiFoods/Info.plist;
				INFOPLIST_KEY_UIApplicationSceneManifest_Generation = YES;
				INFOPLIST_KEY_UIApplicationSupportsIndirectInputEvents = YES;
				INFOPLIST_KEY_UISupportedInterfaceOrientations_iPad = "UIInterfaceOrientationPortrait UIInterfaceOrientationPortraitUpsideDown UIInterfaceOrientationLandscapeLeft UIInterfaceOrientationLandscapeRight";
				INFOPLIST_KEY_UISupportedInterfaceOrientations_iPhone = "UIInterfaceOrientationPortrait UIInterfaceOrientationLandscapeLeft UIInterfaceOrientationLandscapeRight";
				LD_RUNPATH_SEARCH_PATHS = (
					"$(inherited)",
					"@executable_path/Frameworks",
				);
				MARKETING_VERSION = 1.0;
				PRODUCT_BUNDLE_IDENTIFIER = thamEnJie.BeautiFoods;
				PRODUCT_NAME = "$(TARGET_NAME)";
				SWIFT_EMIT_LOC_STRINGS = YES;
				SWIFT_VERSION = 5.0;
				TARGETED_DEVICE_FAMILY = "1,2";
			};
			name = Release;
		};
/* End XCBuildConfiguration section */

/* Begin XCConfigurationList section */
		A99D1B8F28B4729B00B7F920 /* Build configuration list for PBXProject "BeautiFoods" */ = {
			isa = XCConfigurationList;
			buildConfigurations = (
				A99D1BA028B472A000B7F920 /* Debug */,
				A99D1BA128B472A000B7F920 /* Release */,
			);
			defaultConfigurationIsVisible = 0;
			defaultConfigurationName = Release;
		};
		A99D1BA228B472A000B7F920 /* Build configuration list for PBXNativeTarget "BeautiFoods" */ = {
			isa = XCConfigurationList;
			buildConfigurations = (
				A99D1BA328B472A000B7F920 /* Debug */,
				A99D1BA428B472A000B7F920 /* Release */,
			);
			defaultConfigurationIsVisible = 0;
			defaultConfigurationName = Release;
		};
/* End XCConfigurationList section */

/* Begin XCRemoteSwiftPackageReference section */
		A9F2917D28D60A910019CB98 /* XCRemoteSwiftPackageReference "firebase-ios-sdk" */ = {
			isa = XCRemoteSwiftPackageReference;
			repositoryURL = "https://github.com/firebase/firebase-ios-sdk";
			requirement = {
				branch = master;
				kind = branch;
			};
		};
/* End XCRemoteSwiftPackageReference section */

/* Begin XCSwiftPackageProductDependency section */
		A9F2917E28D60A910019CB98 /* FirebaseAuth */ = {
			isa = XCSwiftPackageProductDependency;
			package = A9F2917D28D60A910019CB98 /* XCRemoteSwiftPackageReference "firebase-ios-sdk" */;
			productName = FirebaseAuth;
		};
		A9F2918028D60A910019CB98 /* FirebaseFirestore */ = {
			isa = XCSwiftPackageProductDependency;
			package = A9F2917D28D60A910019CB98 /* XCRemoteSwiftPackageReference "firebase-ios-sdk" */;
			productName = FirebaseFirestore;
		};
		A9F2918228D60A910019CB98 /* FirebaseFirestoreSwift */ = {
			isa = XCSwiftPackageProductDependency;
			package = A9F2917D28D60A910019CB98 /* XCRemoteSwiftPackageReference "firebase-ios-sdk" */;
			productName = FirebaseFirestoreSwift;
		};
/* End XCSwiftPackageProductDependency section */
	};
	rootObject = A99D1B8C28B4729B00B7F920 /* Project object */;
}
